// !$*UTF8*$!
{
	archiveVersion = 1;
	classes = {
	};
	objectVersion = 56;
	objects = {

/* Begin PBXBuildFile section */
		F628F82629782E2F003E2EA7 /* chatAppApp.swift in Sources */ = {isa = PBXBuildFile; fileRef = F628F82529782E2F003E2EA7 /* chatAppApp.swift */; };
		F628F82829782E2F003E2EA7 /* ContentView.swift in Sources */ = {isa = PBXBuildFile; fileRef = F628F82729782E2F003E2EA7 /* ContentView.swift */; };
		F628F82A29782E32003E2EA7 /* Assets.xcassets in Resources */ = {isa = PBXBuildFile; fileRef = F628F82929782E32003E2EA7 /* Assets.xcassets */; };
		F628F82D29782E32003E2EA7 /* Preview Assets.xcassets in Resources */ = {isa = PBXBuildFile; fileRef = F628F82C29782E32003E2EA7 /* Preview Assets.xcassets */; };
		F628F83729782E33003E2EA7 /* chatAppTests.swift in Sources */ = {isa = PBXBuildFile; fileRef = F628F83629782E33003E2EA7 /* chatAppTests.swift */; };
		F628F84129782E33003E2EA7 /* chatAppUITests.swift in Sources */ = {isa = PBXBuildFile; fileRef = F628F84029782E33003E2EA7 /* chatAppUITests.swift */; };
		F628F84329782E33003E2EA7 /* chatAppUITestsLaunchTests.swift in Sources */ = {isa = PBXBuildFile; fileRef = F628F84229782E33003E2EA7 /* chatAppUITestsLaunchTests.swift */; };
		F628F85029784CCA003E2EA7 /* GoogleService-Info.plist in Resources */ = {isa = PBXBuildFile; fileRef = F628F84F29784CCA003E2EA7 /* GoogleService-Info.plist */; };
		F628F85329784E48003E2EA7 /* FirebaseAuth in Frameworks */ = {isa = PBXBuildFile; productRef = F628F85229784E48003E2EA7 /* FirebaseAuth */; };
		F628F85529784E48003E2EA7 /* FirebaseFirestore in Frameworks */ = {isa = PBXBuildFile; productRef = F628F85429784E48003E2EA7 /* FirebaseFirestore */; };
		F628F85729784E48003E2EA7 /* FirebaseStorage in Frameworks */ = {isa = PBXBuildFile; productRef = F628F85629784E48003E2EA7 /* FirebaseStorage */; };
		F628F85C2978517A003E2EA7 /* Utilisateur.swift in Sources */ = {isa = PBXBuildFile; fileRef = F628F85B2978517A003E2EA7 /* Utilisateur.swift */; };
		F628F85E297851B9003E2EA7 /* FirebaseManager.swift in Sources */ = {isa = PBXBuildFile; fileRef = F628F85D297851B9003E2EA7 /* FirebaseManager.swift */; };
		F628F860297856BE003E2EA7 /* AuthViewModel.swift in Sources */ = {isa = PBXBuildFile; fileRef = F628F85F297856BE003E2EA7 /* AuthViewModel.swift */; };
		F67C05D32992B13100223C1F /* UserViewModel.swift in Sources */ = {isa = PBXBuildFile; fileRef = F67C05D22992B13100223C1F /* UserViewModel.swift */; };
		F67C05D62992C05600223C1F /* ImagePickerRepresentable.swift in Sources */ = {isa = PBXBuildFile; fileRef = F67C05D52992C05600223C1F /* ImagePickerRepresentable.swift */; };
		F67C05D82992C08000223C1F /* PHPPickerRepresentable.swift in Sources */ = {isa = PBXBuildFile; fileRef = F67C05D72992C08000223C1F /* PHPPickerRepresentable.swift */; };
		F698BBDE297A96B300D9B445 /* HomeView.swift in Sources */ = {isa = PBXBuildFile; fileRef = F698BBDD297A96B300D9B445 /* HomeView.swift */; };
		F698BBE0297A9EF800D9B445 /* SettingsView.swift in Sources */ = {isa = PBXBuildFile; fileRef = F698BBDF297A9EF800D9B445 /* SettingsView.swift */; };
		F698BBE4297AAD5700D9B445 /* SectionRowView.swift in Sources */ = {isa = PBXBuildFile; fileRef = F698BBE3297AAD5700D9B445 /* SectionRowView.swift */; };
/* End PBXBuildFile section */

/* Begin PBXContainerItemProxy section */
		F628F83329782E33003E2EA7 /* PBXContainerItemProxy */ = {
			isa = PBXContainerItemProxy;
			containerPortal = F628F81A29782E2F003E2EA7 /* Project object */;
			proxyType = 1;
			remoteGlobalIDString = F628F82129782E2F003E2EA7;
			remoteInfo = chatApp;
		};
		F628F83D29782E33003E2EA7 /* PBXContainerItemProxy */ = {
			isa = PBXContainerItemProxy;
			containerPortal = F628F81A29782E2F003E2EA7 /* Project object */;
			proxyType = 1;
			remoteGlobalIDString = F628F82129782E2F003E2EA7;
			remoteInfo = chatApp;
		};
/* End PBXContainerItemProxy section */

/* Begin PBXFileReference section */
		F628F82229782E2F003E2EA7 /* chatApp.app */ = {isa = PBXFileReference; explicitFileType = wrapper.application; includeInIndex = 0; path = chatApp.app; sourceTree = BUILT_PRODUCTS_DIR; };
		F628F82529782E2F003E2EA7 /* chatAppApp.swift */ = {isa = PBXFileReference; lastKnownFileType = sourcecode.swift; path = chatAppApp.swift; sourceTree = "<group>"; };
		F628F82729782E2F003E2EA7 /* ContentView.swift */ = {isa = PBXFileReference; lastKnownFileType = sourcecode.swift; path = ContentView.swift; sourceTree = "<group>"; };
		F628F82929782E32003E2EA7 /* Assets.xcassets */ = {isa = PBXFileReference; lastKnownFileType = folder.assetcatalog; path = Assets.xcassets; sourceTree = "<group>"; };
		F628F82C29782E32003E2EA7 /* Preview Assets.xcassets */ = {isa = PBXFileReference; lastKnownFileType = folder.assetcatalog; path = "Preview Assets.xcassets"; sourceTree = "<group>"; };
		F628F83229782E33003E2EA7 /* chatAppTests.xctest */ = {isa = PBXFileReference; explicitFileType = wrapper.cfbundle; includeInIndex = 0; path = chatAppTests.xctest; sourceTree = BUILT_PRODUCTS_DIR; };
		F628F83629782E33003E2EA7 /* chatAppTests.swift */ = {isa = PBXFileReference; lastKnownFileType = sourcecode.swift; path = chatAppTests.swift; sourceTree = "<group>"; };
		F628F83C29782E33003E2EA7 /* chatAppUITests.xctest */ = {isa = PBXFileReference; explicitFileType = wrapper.cfbundle; includeInIndex = 0; path = chatAppUITests.xctest; sourceTree = BUILT_PRODUCTS_DIR; };
		F628F84029782E33003E2EA7 /* chatAppUITests.swift */ = {isa = PBXFileReference; lastKnownFileType = sourcecode.swift; path = chatAppUITests.swift; sourceTree = "<group>"; };
		F628F84229782E33003E2EA7 /* chatAppUITestsLaunchTests.swift */ = {isa = PBXFileReference; lastKnownFileType = sourcecode.swift; path = chatAppUITestsLaunchTests.swift; sourceTree = "<group>"; };
		F628F84F29784CCA003E2EA7 /* GoogleService-Info.plist */ = {isa = PBXFileReference; fileEncoding = 4; lastKnownFileType = text.plist.xml; path = "GoogleService-Info.plist"; sourceTree = "<group>"; };
		F628F85B2978517A003E2EA7 /* Utilisateur.swift */ = {isa = PBXFileReference; lastKnownFileType = sourcecode.swift; path = Utilisateur.swift; sourceTree = "<group>"; };
		F628F85D297851B9003E2EA7 /* FirebaseManager.swift */ = {isa = PBXFileReference; lastKnownFileType = sourcecode.swift; path = FirebaseManager.swift; sourceTree = "<group>"; };
		F628F85F297856BE003E2EA7 /* AuthViewModel.swift */ = {isa = PBXFileReference; lastKnownFileType = sourcecode.swift; path = AuthViewModel.swift; sourceTree = "<group>"; };
		F67C05D22992B13100223C1F /* UserViewModel.swift */ = {isa = PBXFileReference; lastKnownFileType = sourcecode.swift; path = UserViewModel.swift; sourceTree = "<group>"; };
		F67C05D52992C05600223C1F /* ImagePickerRepresentable.swift */ = {isa = PBXFileReference; lastKnownFileType = sourcecode.swift; path = ImagePickerRepresentable.swift; sourceTree = "<group>"; };
		F67C05D72992C08000223C1F /* PHPPickerRepresentable.swift */ = {isa = PBXFileReference; lastKnownFileType = sourcecode.swift; path = PHPPickerRepresentable.swift; sourceTree = "<group>"; };
		F698BBDD297A96B300D9B445 /* HomeView.swift */ = {isa = PBXFileReference; lastKnownFileType = sourcecode.swift; path = HomeView.swift; sourceTree = "<group>"; };
		F698BBDF297A9EF800D9B445 /* SettingsView.swift */ = {isa = PBXFileReference; lastKnownFileType = sourcecode.swift; path = SettingsView.swift; sourceTree = "<group>"; };
		F698BBE3297AAD5700D9B445 /* SectionRowView.swift */ = {isa = PBXFileReference; lastKnownFileType = sourcecode.swift; path = SectionRowView.swift; sourceTree = "<group>"; };
/* End PBXFileReference section */

/* Begin PBXFrameworksBuildPhase section */
		F628F81F29782E2F003E2EA7 /* Frameworks */ = {
			isa = PBXFrameworksBuildPhase;
			buildActionMask = 2147483647;
			files = (
				F628F85329784E48003E2EA7 /* FirebaseAuth in Frameworks */,
				F628F85529784E48003E2EA7 /* FirebaseFirestore in Frameworks */,
				F628F85729784E48003E2EA7 /* FirebaseStorage in Frameworks */,
			);
			runOnlyForDeploymentPostprocessing = 0;
		};
		F628F82F29782E33003E2EA7 /* Frameworks */ = {
			isa = PBXFrameworksBuildPhase;
			buildActionMask = 2147483647;
			files = (
			);
			runOnlyForDeploymentPostprocessing = 0;
		};
		F628F83929782E33003E2EA7 /* Frameworks */ = {
			isa = PBXFrameworksBuildPhase;
			buildActionMask = 2147483647;
			files = (
			);
			runOnlyForDeploymentPostprocessing = 0;
		};
/* End PBXFrameworksBuildPhase section */

/* Begin PBXGroup section */
		F628F81929782E2F003E2EA7 = {
			isa = PBXGroup;
			children = (
				F628F82429782E2F003E2EA7 /* chatApp */,
				F628F83529782E33003E2EA7 /* chatAppTests */,
				F628F83F29782E33003E2EA7 /* chatAppUITests */,
				F628F82329782E2F003E2EA7 /* Products */,
			);
			sourceTree = "<group>";
		};
		F628F82329782E2F003E2EA7 /* Products */ = {
			isa = PBXGroup;
			children = (
				F628F82229782E2F003E2EA7 /* chatApp.app */,
				F628F83229782E33003E2EA7 /* chatAppTests.xctest */,
				F628F83C29782E33003E2EA7 /* chatAppUITests.xctest */,
			);
			name = Products;
			sourceTree = "<group>";
		};
		F628F82429782E2F003E2EA7 /* chatApp */ = {
			isa = PBXGroup;
			children = (
				F67C05D42992C01000223C1F /* RRepresentable */,
				F628F85A2978510A003E2EA7 /* ViewModel */,
				F628F859297850FB003E2EA7 /* Model */,
				F628F858297850E2003E2EA7 /* View */,
				F628F84F29784CCA003E2EA7 /* GoogleService-Info.plist */,
				F628F82529782E2F003E2EA7 /* chatAppApp.swift */,
				F628F82729782E2F003E2EA7 /* ContentView.swift */,
				F628F82929782E32003E2EA7 /* Assets.xcassets */,
				F628F82B29782E32003E2EA7 /* Preview Content */,
			);
			path = chatApp;
			sourceTree = "<group>";
		};
		F628F82B29782E32003E2EA7 /* Preview Content */ = {
			isa = PBXGroup;
			children = (
				F628F82C29782E32003E2EA7 /* Preview Assets.xcassets */,
			);
			path = "Preview Content";
			sourceTree = "<group>";
		};
		F628F83529782E33003E2EA7 /* chatAppTests */ = {
			isa = PBXGroup;
			children = (
				F628F83629782E33003E2EA7 /* chatAppTests.swift */,
			);
			path = chatAppTests;
			sourceTree = "<group>";
		};
		F628F83F29782E33003E2EA7 /* chatAppUITests */ = {
			isa = PBXGroup;
			children = (
				F628F84029782E33003E2EA7 /* chatAppUITests.swift */,
				F628F84229782E33003E2EA7 /* chatAppUITestsLaunchTests.swift */,
			);
			path = chatAppUITests;
			sourceTree = "<group>";
		};
		F628F858297850E2003E2EA7 /* View */ = {
			isa = PBXGroup;
			children = (
				F698BBDD297A96B300D9B445 /* HomeView.swift */,
				F698BBDF297A9EF800D9B445 /* SettingsView.swift */,
				F698BBE3297AAD5700D9B445 /* SectionRowView.swift */,
			);
			path = View;
			sourceTree = "<group>";
		};
		F628F859297850FB003E2EA7 /* Model */ = {
			isa = PBXGroup;
			children = (
				F628F85B2978517A003E2EA7 /* Utilisateur.swift */,
				F628F85D297851B9003E2EA7 /* FirebaseManager.swift */,
			);
			path = Model;
			sourceTree = "<group>";
		};
		F628F85A2978510A003E2EA7 /* ViewModel */ = {
			isa = PBXGroup;
			children = (
				F628F85F297856BE003E2EA7 /* AuthViewModel.swift */,
				F67C05D22992B13100223C1F /* UserViewModel.swift */,
			);
			path = ViewModel;
			sourceTree = "<group>";
		};
		F67C05D42992C01000223C1F /* RRepresentable */ = {
			isa = PBXGroup;
			children = (
				F67C05D52992C05600223C1F /* ImagePickerRepresentable.swift */,
				F67C05D72992C08000223C1F /* PHPPickerRepresentable.swift */,
			);
			path = RRepresentable;
			sourceTree = "<group>";
		};
/* End PBXGroup section */

/* Begin PBXNativeTarget section */
		F628F82129782E2F003E2EA7 /* chatApp */ = {
			isa = PBXNativeTarget;
			buildConfigurationList = F628F84629782E33003E2EA7 /* Build configuration list for PBXNativeTarget "chatApp" */;
			buildPhases = (
				F628F81E29782E2F003E2EA7 /* Sources */,
				F628F81F29782E2F003E2EA7 /* Frameworks */,
				F628F82029782E2F003E2EA7 /* Resources */,
			);
			buildRules = (
			);
			dependencies = (
			);
			name = chatApp;
			packageProductDependencies = (
				F628F85229784E48003E2EA7 /* FirebaseAuth */,
				F628F85429784E48003E2EA7 /* FirebaseFirestore */,
				F628F85629784E48003E2EA7 /* FirebaseStorage */,
			);
			productName = chatApp;
			productReference = F628F82229782E2F003E2EA7 /* chatApp.app */;
			productType = "com.apple.product-type.application";
		};
		F628F83129782E33003E2EA7 /* chatAppTests */ = {
			isa = PBXNativeTarget;
			buildConfigurationList = F628F84929782E33003E2EA7 /* Build configuration list for PBXNativeTarget "chatAppTests" */;
			buildPhases = (
				F628F82E29782E33003E2EA7 /* Sources */,
				F628F82F29782E33003E2EA7 /* Frameworks */,
				F628F83029782E33003E2EA7 /* Resources */,
			);
			buildRules = (
			);
			dependencies = (
				F628F83429782E33003E2EA7 /* PBXTargetDependency */,
			);
			name = chatAppTests;
			productName = chatAppTests;
			productReference = F628F83229782E33003E2EA7 /* chatAppTests.xctest */;
			productType = "com.apple.product-type.bundle.unit-test";
		};
		F628F83B29782E33003E2EA7 /* chatAppUITests */ = {
			isa = PBXNativeTarget;
			buildConfigurationList = F628F84C29782E33003E2EA7 /* Build configuration list for PBXNativeTarget "chatAppUITests" */;
			buildPhases = (
				F628F83829782E33003E2EA7 /* Sources */,
				F628F83929782E33003E2EA7 /* Frameworks */,
				F628F83A29782E33003E2EA7 /* Resources */,
			);
			buildRules = (
			);
			dependencies = (
				F628F83E29782E33003E2EA7 /* PBXTargetDependency */,
			);
			name = chatAppUITests;
			productName = chatAppUITests;
			productReference = F628F83C29782E33003E2EA7 /* chatAppUITests.xctest */;
			productType = "com.apple.product-type.bundle.ui-testing";
		};
/* End PBXNativeTarget section */

/* Begin PBXProject section */
		F628F81A29782E2F003E2EA7 /* Project object */ = {
			isa = PBXProject;
			attributes = {
				BuildIndependentTargetsInParallel = 1;
				LastSwiftUpdateCheck = 1420;
				LastUpgradeCheck = 1420;
				TargetAttributes = {
					F628F82129782E2F003E2EA7 = {
						CreatedOnToolsVersion = 14.2;
					};
					F628F83129782E33003E2EA7 = {
						CreatedOnToolsVersion = 14.2;
						TestTargetID = F628F82129782E2F003E2EA7;
					};
					F628F83B29782E33003E2EA7 = {
						CreatedOnToolsVersion = 14.2;
						TestTargetID = F628F82129782E2F003E2EA7;
					};
				};
			};
			buildConfigurationList = F628F81D29782E2F003E2EA7 /* Build configuration list for PBXProject "chatApp" */;
			compatibilityVersion = "Xcode 14.0";
			developmentRegion = en;
			hasScannedForEncodings = 0;
			knownRegions = (
				en,
				Base,
			);
			mainGroup = F628F81929782E2F003E2EA7;
			packageReferences = (
				F628F85129784E48003E2EA7 /* XCRemoteSwiftPackageReference "firebase-ios-sdk" */,
			);
			productRefGroup = F628F82329782E2F003E2EA7 /* Products */;
			projectDirPath = "";
			projectRoot = "";
			targets = (
				F628F82129782E2F003E2EA7 /* chatApp */,
				F628F83129782E33003E2EA7 /* chatAppTests */,
				F628F83B29782E33003E2EA7 /* chatAppUITests */,
			);
		};
/* End PBXProject section */

/* Begin PBXResourcesBuildPhase section */
		F628F82029782E2F003E2EA7 /* Resources */ = {
			isa = PBXResourcesBuildPhase;
			buildActionMask = 2147483647;
			files = (
				F628F82D29782E32003E2EA7 /* Preview Assets.xcassets in Resources */,
				F628F82A29782E32003E2EA7 /* Assets.xcassets in Resources */,
				F628F85029784CCA003E2EA7 /* GoogleService-Info.plist in Resources */,
			);
			runOnlyForDeploymentPostprocessing = 0;
		};
		F628F83029782E33003E2EA7 /* Resources */ = {
			isa = PBXResourcesBuildPhase;
			buildActionMask = 2147483647;
			files = (
			);
			runOnlyForDeploymentPostprocessing = 0;
		};
		F628F83A29782E33003E2EA7 /* Resources */ = {
			isa = PBXResourcesBuildPhase;
			buildActionMask = 2147483647;
			files = (
			);
			runOnlyForDeploymentPostprocessing = 0;
		};
/* End PBXResourcesBuildPhase section */

/* Begin PBXSourcesBuildPhase section */
		F628F81E29782E2F003E2EA7 /* Sources */ = {
			isa = PBXSourcesBuildPhase;
			buildActionMask = 2147483647;
			files = (
				F698BBE0297A9EF800D9B445 /* SettingsView.swift in Sources */,
				F628F860297856BE003E2EA7 /* AuthViewModel.swift in Sources */,
				F628F85E297851B9003E2EA7 /* FirebaseManager.swift in Sources */,
				F628F82829782E2F003E2EA7 /* ContentView.swift in Sources */,
				F698BBDE297A96B300D9B445 /* HomeView.swift in Sources */,
				F628F85C2978517A003E2EA7 /* Utilisateur.swift in Sources */,
				F67C05D82992C08000223C1F /* PHPPickerRepresentable.swift in Sources */,
				F628F82629782E2F003E2EA7 /* chatAppApp.swift in Sources */,
				F67C05D32992B13100223C1F /* UserViewModel.swift in Sources */,
				F67C05D62992C05600223C1F /* ImagePickerRepresentable.swift in Sources */,
				F698BBE4297AAD5700D9B445 /* SectionRowView.swift in Sources */,
			);
			runOnlyForDeploymentPostprocessing = 0;
		};
		F628F82E29782E33003E2EA7 /* Sources */ = {
			isa = PBXSourcesBuildPhase;
			buildActionMask = 2147483647;
			files = (
				F628F83729782E33003E2EA7 /* chatAppTests.swift in Sources */,
			);
			runOnlyForDeploymentPostprocessing = 0;
		};
		F628F83829782E33003E2EA7 /* Sources */ = {
			isa = PBXSourcesBuildPhase;
			buildActionMask = 2147483647;
			files = (
				F628F84329782E33003E2EA7 /* chatAppUITestsLaunchTests.swift in Sources */,
				F628F84129782E33003E2EA7 /* chatAppUITests.swift in Sources */,
			);
			runOnlyForDeploymentPostprocessing = 0;
		};
/* End PBXSourcesBuildPhase section */

/* Begin PBXTargetDependency section */
		F628F83429782E33003E2EA7 /* PBXTargetDependency */ = {
			isa = PBXTargetDependency;
			target = F628F82129782E2F003E2EA7 /* chatApp */;
			targetProxy = F628F83329782E33003E2EA7 /* PBXContainerItemProxy */;
		};
		F628F83E29782E33003E2EA7 /* PBXTargetDependency */ = {
			isa = PBXTargetDependency;
			target = F628F82129782E2F003E2EA7 /* chatApp */;
			targetProxy = F628F83D29782E33003E2EA7 /* PBXContainerItemProxy */;
		};
/* End PBXTargetDependency section */

/* Begin XCBuildConfiguration section */
		F628F84429782E33003E2EA7 /* Debug */ = {
			isa = XCBuildConfiguration;
			buildSettings = {
				ALWAYS_SEARCH_USER_PATHS = NO;
				CLANG_ANALYZER_NONNULL = YES;
				CLANG_ANALYZER_NUMBER_OBJECT_CONVERSION = YES_AGGRESSIVE;
				CLANG_CXX_LANGUAGE_STANDARD = "gnu++20";
				CLANG_ENABLE_MODULES = YES;
				CLANG_ENABLE_OBJC_ARC = YES;
				CLANG_ENABLE_OBJC_WEAK = YES;
				CLANG_WARN_BLOCK_CAPTURE_AUTORELEASING = YES;
				CLANG_WARN_BOOL_CONVERSION = YES;
				CLANG_WARN_COMMA = YES;
				CLANG_WARN_CONSTANT_CONVERSION = YES;
				CLANG_WARN_DEPRECATED_OBJC_IMPLEMENTATIONS = YES;
				CLANG_WARN_DIRECT_OBJC_ISA_USAGE = YES_ERROR;
				CLANG_WARN_DOCUMENTATION_COMMENTS = YES;
				CLANG_WARN_EMPTY_BODY = YES;
				CLANG_WARN_ENUM_CONVERSION = YES;
				CLANG_WARN_INFINITE_RECURSION = YES;
				CLANG_WARN_INT_CONVERSION = YES;
				CLANG_WARN_NON_LITERAL_NULL_CONVERSION = YES;
				CLANG_WARN_OBJC_IMPLICIT_RETAIN_SELF = YES;
				CLANG_WARN_OBJC_LITERAL_CONVERSION = YES;
				CLANG_WARN_OBJC_ROOT_CLASS = YES_ERROR;
				CLANG_WARN_QUOTED_INCLUDE_IN_FRAMEWORK_HEADER = YES;
				CLANG_WARN_RANGE_LOOP_ANALYSIS = YES;
				CLANG_WARN_STRICT_PROTOTYPES = YES;
				CLANG_WARN_SUSPICIOUS_MOVE = YES;
				CLANG_WARN_UNGUARDED_AVAILABILITY = YES_AGGRESSIVE;
				CLANG_WARN_UNREACHABLE_CODE = YES;
				CLANG_WARN__DUPLICATE_METHOD_MATCH = YES;
				COPY_PHASE_STRIP = NO;
				DEBUG_INFORMATION_FORMAT = dwarf;
				ENABLE_STRICT_OBJC_MSGSEND = YES;
				ENABLE_TESTABILITY = YES;
				GCC_C_LANGUAGE_STANDARD = gnu11;
				GCC_DYNAMIC_NO_PIC = NO;
				GCC_NO_COMMON_BLOCKS = YES;
				GCC_OPTIMIZATION_LEVEL = 0;
				GCC_PREPROCESSOR_DEFINITIONS = (
					"DEBUG=1",
					"$(inherited)",
				);
				GCC_WARN_64_TO_32_BIT_CONVERSION = YES;
				GCC_WARN_ABOUT_RETURN_TYPE = YES_ERROR;
				GCC_WARN_UNDECLARED_SELECTOR = YES;
				GCC_WARN_UNINITIALIZED_AUTOS = YES_AGGRESSIVE;
				GCC_WARN_UNUSED_FUNCTION = YES;
				GCC_WARN_UNUSED_VARIABLE = YES;
				IPHONEOS_DEPLOYMENT_TARGET = 16.2;
				MTL_ENABLE_DEBUG_INFO = INCLUDE_SOURCE;
				MTL_FAST_MATH = YES;
				ONLY_ACTIVE_ARCH = YES;
				SDKROOT = iphoneos;
				SWIFT_ACTIVE_COMPILATION_CONDITIONS = DEBUG;
				SWIFT_OPTIMIZATION_LEVEL = "-Onone";
			};
			name = Debug;
		};
		F628F84529782E33003E2EA7 /* Release */ = {
			isa = XCBuildConfiguration;
			buildSettings = {
				ALWAYS_SEARCH_USER_PATHS = NO;
				CLANG_ANALYZER_NONNULL = YES;
				CLANG_ANALYZER_NUMBER_OBJECT_CONVERSION = YES_AGGRESSIVE;
				CLANG_CXX_LANGUAGE_STANDARD = "gnu++20";
				CLANG_ENABLE_MODULES = YES;
				CLANG_ENABLE_OBJC_ARC = YES;
				CLANG_ENABLE_OBJC_WEAK = YES;
				CLANG_WARN_BLOCK_CAPTURE_AUTORELEASING = YES;
				CLANG_WARN_BOOL_CONVERSION = YES;
				CLANG_WARN_COMMA = YES;
				CLANG_WARN_CONSTANT_CONVERSION = YES;
				CLANG_WARN_DEPRECATED_OBJC_IMPLEMENTATIONS = YES;
				CLANG_WARN_DIRECT_OBJC_ISA_USAGE = YES_ERROR;
				CLANG_WARN_DOCUMENTATION_COMMENTS = YES;
				CLANG_WARN_EMPTY_BODY = YES;
				CLANG_WARN_ENUM_CONVERSION = YES;
				CLANG_WARN_INFINITE_RECURSION = YES;
				CLANG_WARN_INT_CONVERSION = YES;
				CLANG_WARN_NON_LITERAL_NULL_CONVERSION = YES;
				CLANG_WARN_OBJC_IMPLICIT_RETAIN_SELF = YES;
				CLANG_WARN_OBJC_LITERAL_CONVERSION = YES;
				CLANG_WARN_OBJC_ROOT_CLASS = YES_ERROR;
				CLANG_WARN_QUOTED_INCLUDE_IN_FRAMEWORK_HEADER = YES;
				CLANG_WARN_RANGE_LOOP_ANALYSIS = YES;
				CLANG_WARN_STRICT_PROTOTYPES = YES;
				CLANG_WARN_SUSPICIOUS_MOVE = YES;
				CLANG_WARN_UNGUARDED_AVAILABILITY = YES_AGGRESSIVE;
				CLANG_WARN_UNREACHABLE_CODE = YES;
				CLANG_WARN__DUPLICATE_METHOD_MATCH = YES;
				COPY_PHASE_STRIP = NO;
				DEBUG_INFORMATION_FORMAT = "dwarf-with-dsym";
				ENABLE_NS_ASSERTIONS = NO;
				ENABLE_STRICT_OBJC_MSGSEND = YES;
				GCC_C_LANGUAGE_STANDARD = gnu11;
				GCC_NO_COMMON_BLOCKS = YES;
				GCC_WARN_64_TO_32_BIT_CONVERSION = YES;
				GCC_WARN_ABOUT_RETURN_TYPE = YES_ERROR;
				GCC_WARN_UNDECLARED_SELECTOR = YES;
				GCC_WARN_UNINITIALIZED_AUTOS = YES_AGGRESSIVE;
				GCC_WARN_UNUSED_FUNCTION = YES;
				GCC_WARN_UNUSED_VARIABLE = YES;
				IPHONEOS_DEPLOYMENT_TARGET = 16.2;
				MTL_ENABLE_DEBUG_INFO = NO;
				MTL_FAST_MATH = YES;
				SDKROOT = iphoneos;
				SWIFT_COMPILATION_MODE = wholemodule;
				SWIFT_OPTIMIZATION_LEVEL = "-O";
				VALIDATE_PRODUCT = YES;
			};
			name = Release;
		};
		F628F84729782E33003E2EA7 /* Debug */ = {
			isa = XCBuildConfiguration;
			buildSettings = {
				ASSETCATALOG_COMPILER_APPICON_NAME = AppIcon;
				ASSETCATALOG_COMPILER_GLOBAL_ACCENT_COLOR_NAME = AccentColor;
				CODE_SIGN_STYLE = Automatic;
				CURRENT_PROJECT_VERSION = 1;
				DEVELOPMENT_ASSET_PATHS = "\"chatApp/Preview Content\"";
				DEVELOPMENT_TEAM = AYQKWKQJL2;
				ENABLE_PREVIEWS = YES;
				GENERATE_INFOPLIST_FILE = YES;
				INFOPLIST_KEY_LSApplicationCategoryType = "";
				INFOPLIST_KEY_NSCameraUsageDescription = "ccéder image caméra";
				INFOPLIST_KEY_NSPhotoLibraryAddUsageDescription = "mon application souhaite accéder à vos photos";
				INFOPLIST_KEY_NSPhotoLibraryUsageDescription = "mon application souhaite accéder à vos photos";
				INFOPLIST_KEY_UIApplicationSceneManifest_Generation = YES;
				INFOPLIST_KEY_UIApplicationSupportsIndirectInputEvents = YES;
				INFOPLIST_KEY_UILaunchScreen_Generation = YES;
				INFOPLIST_KEY_UISupportedInterfaceOrientations_iPad = "UIInterfaceOrientationPortrait UIInterfaceOrientationPortraitUpsideDown UIInterfaceOrientationLandscapeLeft UIInterfaceOrientationLandscapeRight";
				INFOPLIST_KEY_UISupportedInterfaceOrientations_iPhone = "UIInterfaceOrientationPortrait UIInterfaceOrientationLandscapeLeft UIInterfaceOrientationLandscapeRight";
				LD_RUNPATH_SEARCH_PATHS = (
					"$(inherited)",
					"@executable_path/Frameworks",
				);
				MARKETING_VERSION = 1.0;
				PRODUCT_BUNDLE_IDENTIFIER = com.lightphoenix.chatApp;
				PRODUCT_NAME = "$(TARGET_NAME)";
				SWIFT_EMIT_LOC_STRINGS = YES;
				SWIFT_VERSION = 5.0;
				TARGETED_DEVICE_FAMILY = "1,2";
			};
			name = Debug;
		};
		F628F84829782E33003E2EA7 /* Release */ = {
			isa = XCBuildConfiguration;
			buildSettings = {
				ASSETCATALOG_COMPILER_APPICON_NAME = AppIcon;
				ASSETCATALOG_COMPILER_GLOBAL_ACCENT_COLOR_NAME = AccentColor;
				CODE_SIGN_STYLE = Automatic;
				CURRENT_PROJECT_VERSION = 1;
				DEVELOPMENT_ASSET_PATHS = "\"chatApp/Preview Content\"";
				DEVELOPMENT_TEAM = AYQKWKQJL2;
				ENABLE_PREVIEWS = YES;
				GENERATE_INFOPLIST_FILE = YES;
				INFOPLIST_KEY_LSApplicationCategoryType = "";
				INFOPLIST_KEY_NSCameraUsageDescription = "ccéder image caméra";
				INFOPLIST_KEY_NSPhotoLibraryAddUsageDescription = "mon application souhaite accéder à vos photos";
				INFOPLIST_KEY_NSPhotoLibraryUsageDescription = "mon application souhaite accéder à vos photos";
				INFOPLIST_KEY_UIApplicationSceneManifest_Generation = YES;
				INFOPLIST_KEY_UIApplicationSupportsIndirectInputEvents = YES;
				INFOPLIST_KEY_UILaunchScreen_Generation = YES;
				INFOPLIST_KEY_UISupportedInterfaceOrientations_iPad = "UIInterfaceOrientationPortrait UIInterfaceOrientationPortraitUpsideDown UIInterfaceOrientationLandscapeLeft UIInterfaceOrientationLandscapeRight";
				INFOPLIST_KEY_UISupportedInterfaceOrientations_iPhone = "UIInterfaceOrientationPortrait UIInterfaceOrientationLandscapeLeft UIInterfaceOrientationLandscapeRight";
				LD_RUNPATH_SEARCH_PATHS = (
					"$(inherited)",
					"@executable_path/Frameworks",
				);
				MARKETING_VERSION = 1.0;
				PRODUCT_BUNDLE_IDENTIFIER = com.lightphoenix.chatApp;
				PRODUCT_NAME = "$(TARGET_NAME)";
				SWIFT_EMIT_LOC_STRINGS = YES;
				SWIFT_VERSION = 5.0;
				TARGETED_DEVICE_FAMILY = "1,2";
			};
			name = Release;
		};
		F628F84A29782E33003E2EA7 /* Debug */ = {
			isa = XCBuildConfiguration;
			buildSettings = {
				ALWAYS_EMBED_SWIFT_STANDARD_LIBRARIES = YES;
				BUNDLE_LOADER = "$(TEST_HOST)";
				CODE_SIGN_STYLE = Automatic;
				CURRENT_PROJECT_VERSION = 1;
				DEVELOPMENT_TEAM = AYQKWKQJL2;
				GENERATE_INFOPLIST_FILE = YES;
				IPHONEOS_DEPLOYMENT_TARGET = 16.2;
				MARKETING_VERSION = 1.0;
				PRODUCT_BUNDLE_IDENTIFIER = com.lightphoenix.chatAppTests;
				PRODUCT_NAME = "$(TARGET_NAME)";
				SWIFT_EMIT_LOC_STRINGS = NO;
				SWIFT_VERSION = 5.0;
				TARGETED_DEVICE_FAMILY = "1,2";
				TEST_HOST = "$(BUILT_PRODUCTS_DIR)/chatApp.app/$(BUNDLE_EXECUTABLE_FOLDER_PATH)/chatApp";
			};
			name = Debug;
		};
		F628F84B29782E33003E2EA7 /* Release */ = {
			isa = XCBuildConfiguration;
			buildSettings = {
				ALWAYS_EMBED_SWIFT_STANDARD_LIBRARIES = YES;
				BUNDLE_LOADER = "$(TEST_HOST)";
				CODE_SIGN_STYLE = Automatic;
				CURRENT_PROJECT_VERSION = 1;
				DEVELOPMENT_TEAM = AYQKWKQJL2;
				GENERATE_INFOPLIST_FILE = YES;
				IPHONEOS_DEPLOYMENT_TARGET = 16.2;
				MARKETING_VERSION = 1.0;
				PRODUCT_BUNDLE_IDENTIFIER = com.lightphoenix.chatAppTests;
				PRODUCT_NAME = "$(TARGET_NAME)";
				SWIFT_EMIT_LOC_STRINGS = NO;
				SWIFT_VERSION = 5.0;
				TARGETED_DEVICE_FAMILY = "1,2";
				TEST_HOST = "$(BUILT_PRODUCTS_DIR)/chatApp.app/$(BUNDLE_EXECUTABLE_FOLDER_PATH)/chatApp";
			};
			name = Release;
		};
		F628F84D29782E33003E2EA7 /* Debug */ = {
			isa = XCBuildConfiguration;
			buildSettings = {
				ALWAYS_EMBED_SWIFT_STANDARD_LIBRARIES = YES;
				CODE_SIGN_STYLE = Automatic;
				CURRENT_PROJECT_VERSION = 1;
				DEVELOPMENT_TEAM = AYQKWKQJL2;
				GENERATE_INFOPLIST_FILE = YES;
				MARKETING_VERSION = 1.0;
				PRODUCT_BUNDLE_IDENTIFIER = com.lightphoenix.chatAppUITests;
				PRODUCT_NAME = "$(TARGET_NAME)";
				SWIFT_EMIT_LOC_STRINGS = NO;
				SWIFT_VERSION = 5.0;
				TARGETED_DEVICE_FAMILY = "1,2";
				TEST_TARGET_NAME = chatApp;
			};
			name = Debug;
		};
		F628F84E29782E33003E2EA7 /* Release */ = {
			isa = XCBuildConfiguration;
			buildSettings = {
				ALWAYS_EMBED_SWIFT_STANDARD_LIBRARIES = YES;
				CODE_SIGN_STYLE = Automatic;
				CURRENT_PROJECT_VERSION = 1;
				DEVELOPMENT_TEAM = AYQKWKQJL2;
				GENERATE_INFOPLIST_FILE = YES;
				MARKETING_VERSION = 1.0;
				PRODUCT_BUNDLE_IDENTIFIER = com.lightphoenix.chatAppUITests;
				PRODUCT_NAME = "$(TARGET_NAME)";
				SWIFT_EMIT_LOC_STRINGS = NO;
				SWIFT_VERSION = 5.0;
				TARGETED_DEVICE_FAMILY = "1,2";
				TEST_TARGET_NAME = chatApp;
			};
			name = Release;
		};
/* End XCBuildConfiguration section */

/* Begin XCConfigurationList section */
		F628F81D29782E2F003E2EA7 /* Build configuration list for PBXProject "chatApp" */ = {
			isa = XCConfigurationList;
			buildConfigurations = (
				F628F84429782E33003E2EA7 /* Debug */,
				F628F84529782E33003E2EA7 /* Release */,
			);
			defaultConfigurationIsVisible = 0;
			defaultConfigurationName = Release;
		};
		F628F84629782E33003E2EA7 /* Build configuration list for PBXNativeTarget "chatApp" */ = {
			isa = XCConfigurationList;
			buildConfigurations = (
				F628F84729782E33003E2EA7 /* Debug */,
				F628F84829782E33003E2EA7 /* Release */,
			);
			defaultConfigurationIsVisible = 0;
			defaultConfigurationName = Release;
		};
		F628F84929782E33003E2EA7 /* Build configuration list for PBXNativeTarget "chatAppTests" */ = {
			isa = XCConfigurationList;
			buildConfigurations = (
				F628F84A29782E33003E2EA7 /* Debug */,
				F628F84B29782E33003E2EA7 /* Release */,
			);
			defaultConfigurationIsVisible = 0;
			defaultConfigurationName = Release;
		};
		F628F84C29782E33003E2EA7 /* Build configuration list for PBXNativeTarget "chatAppUITests" */ = {
			isa = XCConfigurationList;
			buildConfigurations = (
				F628F84D29782E33003E2EA7 /* Debug */,
				F628F84E29782E33003E2EA7 /* Release */,
			);
			defaultConfigurationIsVisible = 0;
			defaultConfigurationName = Release;
		};
/* End XCConfigurationList section */

/* Begin XCRemoteSwiftPackageReference section */
		F628F85129784E48003E2EA7 /* XCRemoteSwiftPackageReference "firebase-ios-sdk" */ = {
			isa = XCRemoteSwiftPackageReference;
			repositoryURL = "https://github.com/firebase/firebase-ios-sdk";
			requirement = {
				kind = upToNextMajorVersion;
				minimumVersion = 9.0.0;
			};
		};
/* End XCRemoteSwiftPackageReference section */

/* Begin XCSwiftPackageProductDependency section */
		F628F85229784E48003E2EA7 /* FirebaseAuth */ = {
			isa = XCSwiftPackageProductDependency;
			package = F628F85129784E48003E2EA7 /* XCRemoteSwiftPackageReference "firebase-ios-sdk" */;
			productName = FirebaseAuth;
		};
		F628F85429784E48003E2EA7 /* FirebaseFirestore */ = {
			isa = XCSwiftPackageProductDependency;
			package = F628F85129784E48003E2EA7 /* XCRemoteSwiftPackageReference "firebase-ios-sdk" */;
			productName = FirebaseFirestore;
		};
		F628F85629784E48003E2EA7 /* FirebaseStorage */ = {
			isa = XCSwiftPackageProductDependency;
			package = F628F85129784E48003E2EA7 /* XCRemoteSwiftPackageReference "firebase-ios-sdk" */;
			productName = FirebaseStorage;
		};
/* End XCSwiftPackageProductDependency section */
	};
	rootObject = F628F81A29782E2F003E2EA7 /* Project object */;
}
